
Microsoft Visual Studio Solution File, Format Version 12.00
# Visual Studio 15
VisualStudioVersion = 15.0.28307.1145
MinimumVisualStudioVersion = 10.0.40219.1
Project("{FAE04EC0-301F-11D3-BF4B-00C04F79EFBC}") = "StoreFrontDemo", "StoreFrontDemo\StoreFrontDemo.csproj", "{D4BDEA07-1EB6-44FC-B522-43C9AAF46757}"
EndProject
Global
	GlobalSection(SolutionConfigurationPlatforms) = preSolution
		Debug|Any CPU = Debug|Any CPU
		Release|Any CPU = Release|Any CPU
	EndGlobalSection
	GlobalSection(ProjectConfigurationPlatforms) = postSolution
		{D4BDEA07-1EB6-44FC-B522-43C9AAF46757}.Debug|Any CPU.ActiveCfg = Debug|Any CPU
		{D4BDEA07-1EB6-44FC-B522-43C9AAF46757}.Debug|Any CPU.Build.0 = Debug|Any CPU
		{D4BDEA07-1EB6-44FC-B522-43C9AAF46757}.Release|Any CPU.ActiveCfg = Release|Any CPU
		{D4BDEA07-1EB6-44FC-B522-43C9AAF46757}.Release|Any CPU.Build.0 = Release|Any CPU
	EndGlobalSection
	GlobalSection(SolutionProperties) = preSolution
		HideSolutionNode = FALSE
	EndGlobalSection
	GlobalSection(ExtensibilityGlobals) = postSolution
		SolutionGuid = {34CCD96D-8B31-4C14-A5CC-2B0E0B42B7CB}
	EndGlobalSection
EndGlobal
